
Microsoft Visual Studio Solution File, Format Version 12.00
# Visual Studio Version 17
VisualStudioVersion = 17.0.31919.166
MinimumVisualStudioVersion = 10.0.40219.1
Project("{FAE04EC0-301F-11D3-BF4B-00C04F79EFBC}") = "FreakyFashionServices.StockService", "FreakyFashionServices.StockService\FreakyFashionServices.StockService.csproj", "{6C5C286A-8EA4-47E3-9210-918324F6FC85}"
EndProject
Project("{FAE04EC0-301F-11D3-BF4B-00C04F79EFBC}") = "FreakyFashionServices.CatalogService", "FreakyFashionServices.CatalogService\FreakyFashionServices.CatalogService.csproj", "{32DB9BF5-8BA3-48E3-8C8F-640E39BC9998}"
EndProject
Global
	GlobalSection(SolutionConfigurationPlatforms) = preSolution
		Debug|Any CPU = Debug|Any CPU
		Release|Any CPU = Release|Any CPU
	EndGlobalSection
	GlobalSection(ProjectConfigurationPlatforms) = postSolution
		{6C5C286A-8EA4-47E3-9210-918324F6FC85}.Debug|Any CPU.ActiveCfg = Debug|Any CPU
		{6C5C286A-8EA4-47E3-9210-918324F6FC85}.Debug|Any CPU.Build.0 = Debug|Any CPU
		{6C5C286A-8EA4-47E3-9210-918324F6FC85}.Release|Any CPU.ActiveCfg = Release|Any CPU
		{6C5C286A-8EA4-47E3-9210-918324F6FC85}.Release|Any CPU.Build.0 = Release|Any CPU
		{32DB9BF5-8BA3-48E3-8C8F-640E39BC9998}.Debug|Any CPU.ActiveCfg = Debug|Any CPU
		{32DB9BF5-8BA3-48E3-8C8F-640E39BC9998}.Debug|Any CPU.Build.0 = Debug|Any CPU
		{32DB9BF5-8BA3-48E3-8C8F-640E39BC9998}.Release|Any CPU.ActiveCfg = Release|Any CPU
		{32DB9BF5-8BA3-48E3-8C8F-640E39BC9998}.Release|Any CPU.Build.0 = Release|Any CPU
	EndGlobalSection
	GlobalSection(SolutionProperties) = preSolution
		HideSolutionNode = FALSE
	EndGlobalSection
	GlobalSection(ExtensibilityGlobals) = postSolution
		SolutionGuid = {7E6F860C-ADDB-489B-8FCC-C490E5C5A297}
	EndGlobalSection
EndGlobal
